# @generated - this file is auto-generated by `mise lock` https://mise.en.dev/dev-tools/mise-lock.html

[[tools.java]]
version = "temurin-17.0.17+10"
backend = "core:java"

[tools.java."platforms.linux-arm64"]
checksum = "sha256:dc29ca6d35beb4419b4b00419b8a3dfbf5ae551e1ae2b046b516d9a579d04533"
url = "https://github.com/adoptium/temurin17-binaries/releases/download/jdk-17.0.17%2B10/OpenJDK17U-jdk_aarch64_linux_hotspot_17.0.17_10.tar.gz"

[tools.java."platforms.linux-x64"]
checksum = "sha256:992f96e7995075ac7636bb1a8de52b0c61d71ed3137fafc979ab96b4ab78dd75"
url = "https://github.com/adoptium/temurin17-binaries/releases/download/jdk-17.0.17%2B10/OpenJDK17U-jdk_x64_linux_hotspot_17.0.17_10.tar.gz"

[tools.java."platforms.linux-x64-musl"]
checksum = "sha256:4dfea527f66034c5b6f4ca26afe692ae292fd267fd3b295c7f54f6461c65fd33"
url = "https://github.com/adoptium/temurin17-binaries/releases/download/jdk-17.0.17%2B10/OpenJDK17U-jdk_x64_alpine-linux_hotspot_17.0.17_10.tar.gz"

[tools.java."platforms.macos-arm64"]
checksum = "sha256:856059de21518c2ff6eba6126ffc93390affe363c3ee205b3146a3bac3be0aa5"
url = "https://github.com/adoptium/temurin17-binaries/releases/download/jdk-17.0.17%2B10/OpenJDK17U-jdk_aarch64_mac_hotspot_17.0.17_10.tar.gz"

[tools.java."platforms.macos-x64"]
checksum = "sha256:a2a7bfd3a767fcaf35a2e96cc562e6a63cd695e08c1a896222303c4e978da3d6"
url = "https://github.com/adoptium/temurin17-binaries/releases/download/jdk-17.0.17%2B10/OpenJDK17U-jdk_x64_mac_hotspot_17.0.17_10.tar.gz"

[tools.java."platforms.windows-x64"]
checksum = "sha256:dcf0064efec7e515a5e3b56e7532f1a1c125510303c6c9e60af8878e3f7347fe"
url = "https://github.com/adoptium/temurin17-binaries/releases/download/jdk-17.0.17%2B10/OpenJDK17U-jdk_x64_windows_hotspot_17.0.17_10.zip"

[[tools.maven]]
version = "3.9.16"
backend = "aqua:apache/maven"

[tools.maven."platforms.linux-arm64"]
url = "https://archive.apache.org/dist/maven/maven-3/3.9.16/binaries/apache-maven-3.9.16-bin.tar.gz"

[tools.maven."platforms.linux-arm64-musl"]
url = "https://archive.apache.org/dist/maven/maven-3/3.9.16/binaries/apache-maven-3.9.16-bin.tar.gz"

[tools.maven."platforms.linux-x64"]
url = "https://archive.apache.org/dist/maven/maven-3/3.9.16/binaries/apache-maven-3.9.16-bin.tar.gz"

[tools.maven."platforms.linux-x64-musl"]
url = "https://archive.apache.org/dist/maven/maven-3/3.9.16/binaries/apache-maven-3.9.16-bin.tar.gz"

[tools.maven."platforms.macos-arm64"]
url = "https://archive.apache.org/dist/maven/maven-3/3.9.16/binaries/apache-maven-3.9.16-bin.tar.gz"

[tools.maven."platforms.macos-x64"]
url = "https://archive.apache.org/dist/maven/maven-3/3.9.16/binaries/apache-maven-3.9.16-bin.tar.gz"

[tools.maven."platforms.windows-x64"]
url = "https://archive.apache.org/dist/maven/maven-3/3.9.16/binaries/apache-maven-3.9.16-bin.tar.gz"
